
Microsoft Visual Studio Solution File, Format Version 12.00
# Visual Studio 15
Project("{FAE04EC0-301F-11D3-BF4B-00C04F79EFBC}") = "Unity.XR.Interaction.Toolkit.Samples.DeviceSimulator", "Unity.XR.Interaction.Toolkit.Samples.DeviceSimulator.csproj", "{18ACE4AE-9CA9-1C72-85DD-366E483397FA}"
EndProject
Project("{FAE04EC0-301F-11D3-BF4B-00C04F79EFBC}") = "Unity.XR.Interaction.Toolkit.Samples.StarterAssets", "Unity.XR.Interaction.Toolkit.Samples.StarterAssets.csproj", "{7673CAF3-6A03-2788-6AB8-7BF2A1122118}"
EndProject
Project("{FAE04EC0-301F-11D3-BF4B-00C04F79EFBC}") = "Unity.XR.Interaction.Toolkit.Samples.StarterAssets.Editor", "Unity.XR.Interaction.Toolkit.Samples.StarterAssets.Editor.csproj", "{C625D9E4-D176-0B09-96EC-875B0398F888}"
EndProject
Project("{FAE04EC0-301F-11D3-BF4B-00C04F79EFBC}") = "Assembly-CSharp", "Assembly-CSharp.csproj", "{F470F433-FD34-CC4B-627D-6718BEE90C6B}"
EndProject
Global
	GlobalSection(SolutionConfigurationPlatforms) = preSolution
		Debug|Any CPU = Debug|Any CPU
		Release|Any CPU = Release|Any CPU
	EndGlobalSection
	GlobalSection(ProjectConfigurationPlatforms) = postSolution
		{18ACE4AE-9CA9-1C72-85DD-366E483397FA}.Debug|Any CPU.ActiveCfg = Debug|Any CPU
		{18ACE4AE-9CA9-1C72-85DD-366E483397FA}.Debug|Any CPU.Build.0 = Debug|Any CPU
		{18ACE4AE-9CA9-1C72-85DD-366E483397FA}.Release|Any CPU.ActiveCfg = Release|Any CPU
		{18ACE4AE-9CA9-1C72-85DD-366E483397FA}.Release|Any CPU.Build.0 = Release|Any CPU
		{7673CAF3-6A03-2788-6AB8-7BF2A1122118}.Debug|Any CPU.ActiveCfg = Debug|Any CPU
		{7673CAF3-6A03-2788-6AB8-7BF2A1122118}.Debug|Any CPU.Build.0 = Debug|Any CPU
		{7673CAF3-6A03-2788-6AB8-7BF2A1122118}.Release|Any CPU.ActiveCfg = Release|Any CPU
		{7673CAF3-6A03-2788-6AB8-7BF2A1122118}.Release|Any CPU.Build.0 = Release|Any CPU
		{C625D9E4-D176-0B09-96EC-875B0398F888}.Debug|Any CPU.ActiveCfg = Debug|Any CPU
		{C625D9E4-D176-0B09-96EC-875B0398F888}.Debug|Any CPU.Build.0 = Debug|Any CPU
		{C625D9E4-D176-0B09-96EC-875B0398F888}.Release|Any CPU.ActiveCfg = Release|Any CPU
		{C625D9E4-D176-0B09-96EC-875B0398F888}.Release|Any CPU.Build.0 = Release|Any CPU
		{F470F433-FD34-CC4B-627D-6718BEE90C6B}.Debug|Any CPU.ActiveCfg = Debug|Any CPU
		{F470F433-FD34-CC4B-627D-6718BEE90C6B}.Debug|Any CPU.Build.0 = Debug|Any CPU
		{F470F433-FD34-CC4B-627D-6718BEE90C6B}.Release|Any CPU.ActiveCfg = Release|Any CPU
		{F470F433-FD34-CC4B-627D-6718BEE90C6B}.Release|Any CPU.Build.0 = Release|Any CPU
	EndGlobalSection
	GlobalSection(SolutionProperties) = preSolution
		HideSolutionNode = FALSE
	EndGlobalSection
EndGlobal
